// !$*UTF8*$!
{
	archiveVersion = 1;
	classes = {
	};
	objectVersion = 46;
	objects = {

/* Begin PBXBuildFile section */
		070660B9171367AE006F8F77 /* Model.xcdatamodeld in Sources */ = {isa = PBXBuildFile; fileRef = 070660B7171367AE006F8F77 /* Model.xcdatamodeld */; };
		070660BB17136882006F8F77 /* CoreData.framework in Frameworks */ = {isa = PBXBuildFile; fileRef = 070660BA17136882006F8F77 /* CoreData.framework */; };
		070660C117137BEF006F8F77 /* Activity.m in Sources */ = {isa = PBXBuildFile; fileRef = 070660C017137BEF006F8F77 /* Activity.m */; };
		070660CD17138E32006F8F77 /* RootViewController.m in Sources */ = {isa = PBXBuildFile; fileRef = 070660CC17138E32006F8F77 /* RootViewController.m */; };
		07B232861710EC8400026114 /* UIKit.framework in Frameworks */ = {isa = PBXBuildFile; fileRef = 07B232851710EC8400026114 /* UIKit.framework */; };
		07B232881710EC8400026114 /* Foundation.framework in Frameworks */ = {isa = PBXBuildFile; fileRef = 07B232871710EC8400026114 /* Foundation.framework */; };
		07B2328A1710EC8400026114 /* CoreGraphics.framework in Frameworks */ = {isa = PBXBuildFile; fileRef = 07B232891710EC8400026114 /* CoreGraphics.framework */; };
		07B232901710EC8400026114 /* InfoPlist.strings in Resources */ = {isa = PBXBuildFile; fileRef = 07B2328E1710EC8400026114 /* InfoPlist.strings */; };
		07B232921710EC8400026114 /* main.m in Sources */ = {isa = PBXBuildFile; fileRef = 07B232911710EC8400026114 /* main.m */; };
		07B232961710EC8400026114 /* SpaceTimeAppDelegate.m in Sources */ = {isa = PBXBuildFile; fileRef = 07B232951710EC8400026114 /* SpaceTimeAppDelegate.m */; };
		07B232981710EC8400026114 /* Default.png in Resources */ = {isa = PBXBuildFile; fileRef = 07B232971710EC8400026114 /* Default.png */; };
		07B2329A1710EC8400026114 /* Default@2x.png in Resources */ = {isa = PBXBuildFile; fileRef = 07B232991710EC8400026114 /* Default@2x.png */; };
		07B2329C1710EC8400026114 /* Default-568h@2x.png in Resources */ = {isa = PBXBuildFile; fileRef = 07B2329B1710EC8400026114 /* Default-568h@2x.png */; };
		07B2329F1710EC8400026114 /* MainStoryboard_iPhone.storyboard in Resources */ = {isa = PBXBuildFile; fileRef = 07B2329D1710EC8400026114 /* MainStoryboard_iPhone.storyboard */; };
		07B232A21710EC8400026114 /* MainStoryboard_iPad.storyboard in Resources */ = {isa = PBXBuildFile; fileRef = 07B232A01710EC8400026114 /* MainStoryboard_iPad.storyboard */; };
		07B232A51710EC8400026114 /* SpaceTimeViewController.m in Sources */ = {isa = PBXBuildFile; fileRef = 07B232A41710EC8400026114 /* SpaceTimeViewController.m */; };
		07B232AD1710EC8400026114 /* SenTestingKit.framework in Frameworks */ = {isa = PBXBuildFile; fileRef = 07B232AC1710EC8400026114 /* SenTestingKit.framework */; };
		07B232AE1710EC8400026114 /* UIKit.framework in Frameworks */ = {isa = PBXBuildFile; fileRef = 07B232851710EC8400026114 /* UIKit.framework */; };
		07B232AF1710EC8400026114 /* Foundation.framework in Frameworks */ = {isa = PBXBuildFile; fileRef = 07B232871710EC8400026114 /* Foundation.framework */; };
		07B232B71710EC8400026114 /* InfoPlist.strings in Resources */ = {isa = PBXBuildFile; fileRef = 07B232B51710EC8400026114 /* InfoPlist.strings */; };
		07B232BA1710EC8400026114 /* SpaceTimeTests.m in Sources */ = {isa = PBXBuildFile; fileRef = 07B232B91710EC8400026114 /* SpaceTimeTests.m */; };
/* End PBXBuildFile section */

/* Begin PBXContainerItemProxy section */
		07B232B01710EC8400026114 /* PBXContainerItemProxy */ = {
			isa = PBXContainerItemProxy;
			containerPortal = 07B2327A1710EC8400026114 /* Project object */;
			proxyType = 1;
			remoteGlobalIDString = 07B232811710EC8400026114;
			remoteInfo = SpaceTime;
		};
/* End PBXContainerItemProxy section */

/* Begin PBXFileReference section */
		070660B8171367AE006F8F77 /* Model.xcdatamodel */ = {isa = PBXFileReference; lastKnownFileType = wrapper.xcdatamodel; path = Model.xcdatamodel; sourceTree = "<group>"; };
		070660BA17136882006F8F77 /* CoreData.framework */ = {isa = PBXFileReference; lastKnownFileType = wrapper.framework; name = CoreData.framework; path = System/Library/Frameworks/CoreData.framework; sourceTree = SDKROOT; };
		070660BF17137BEF006F8F77 /* Activity.h */ = {isa = PBXFileReference; fileEncoding = 4; lastKnownFileType = sourcecode.c.h; path = Activity.h; sourceTree = "<group>"; };
		070660C017137BEF006F8F77 /* Activity.m */ = {isa = PBXFileReference; fileEncoding = 4; lastKnownFileType = sourcecode.c.objc; path = Activity.m; sourceTree = "<group>"; };
		070660CB17138E32006F8F77 /* RootViewController.h */ = {isa = PBXFileReference; fileEncoding = 4; lastKnownFileType = sourcecode.c.h; path = RootViewController.h; sourceTree = "<group>"; };
		070660CC17138E32006F8F77 /* RootViewController.m */ = {isa = PBXFileReference; fileEncoding = 4; lastKnownFileType = sourcecode.c.objc; path = RootViewController.m; sourceTree = "<group>"; };
		07B232821710EC8400026114 /* SpaceTime.app */ = {isa = PBXFileReference; explicitFileType = wrapper.application; includeInIndex = 0; path = SpaceTime.app; sourceTree = BUILT_PRODUCTS_DIR; };
		07B232851710EC8400026114 /* UIKit.framework */ = {isa = PBXFileReference; lastKnownFileType = wrapper.framework; name = UIKit.framework; path = System/Library/Frameworks/UIKit.framework; sourceTree = SDKROOT; };
		07B232871710EC8400026114 /* Foundation.framework */ = {isa = PBXFileReference; lastKnownFileType = wrapper.framework; name = Foundation.framework; path = System/Library/Frameworks/Foundation.framework; sourceTree = SDKROOT; };
		07B232891710EC8400026114 /* CoreGraphics.framework */ = {isa = PBXFileReference; lastKnownFileType = wrapper.framework; name = CoreGraphics.framework; path = System/Library/Frameworks/CoreGraphics.framework; sourceTree = SDKROOT; };
		07B2328D1710EC8400026114 /* SpaceTime-Info.plist */ = {isa = PBXFileReference; lastKnownFileType = text.plist.xml; path = "SpaceTime-Info.plist"; sourceTree = "<group>"; };
		07B2328F1710EC8400026114 /* en */ = {isa = PBXFileReference; lastKnownFileType = text.plist.strings; name = en; path = en.lproj/InfoPlist.strings; sourceTree = "<group>"; };
		07B232911710EC8400026114 /* main.m */ = {isa = PBXFileReference; lastKnownFileType = sourcecode.c.objc; path = main.m; sourceTree = "<group>"; };
		07B232931710EC8400026114 /* SpaceTime-Prefix.pch */ = {isa = PBXFileReference; lastKnownFileType = sourcecode.c.h; path = "SpaceTime-Prefix.pch"; sourceTree = "<group>"; };
		07B232941710EC8400026114 /* SpaceTimeAppDelegate.h */ = {isa = PBXFileReference; lastKnownFileType = sourcecode.c.h; path = SpaceTimeAppDelegate.h; sourceTree = "<group>"; };
		07B232951710EC8400026114 /* SpaceTimeAppDelegate.m */ = {isa = PBXFileReference; lastKnownFileType = sourcecode.c.objc; path = SpaceTimeAppDelegate.m; sourceTree = "<group>"; };
		07B232971710EC8400026114 /* Default.png */ = {isa = PBXFileReference; lastKnownFileType = image.png; path = Default.png; sourceTree = "<group>"; };
		07B232991710EC8400026114 /* Default@2x.png */ = {isa = PBXFileReference; lastKnownFileType = image.png; path = "Default@2x.png"; sourceTree = "<group>"; };
		07B2329B1710EC8400026114 /* Default-568h@2x.png */ = {isa = PBXFileReference; lastKnownFileType = image.png; path = "Default-568h@2x.png"; sourceTree = "<group>"; };
		07B2329E1710EC8400026114 /* en */ = {isa = PBXFileReference; lastKnownFileType = file.storyboard; name = en; path = en.lproj/MainStoryboard_iPhone.storyboard; sourceTree = "<group>"; };
		07B232A11710EC8400026114 /* en */ = {isa = PBXFileReference; lastKnownFileType = file.storyboard; name = en; path = en.lproj/MainStoryboard_iPad.storyboard; sourceTree = "<group>"; };
		07B232A31710EC8400026114 /* SpaceTimeViewController.h */ = {isa = PBXFileReference; lastKnownFileType = sourcecode.c.h; path = SpaceTimeViewController.h; sourceTree = "<group>"; };
		07B232A41710EC8400026114 /* SpaceTimeViewController.m */ = {isa = PBXFileReference; lastKnownFileType = sourcecode.c.objc; path = SpaceTimeViewController.m; sourceTree = "<group>"; };
		07B232AB1710EC8400026114 /* SpaceTimeTests.octest */ = {isa = PBXFileReference; explicitFileType = wrapper.cfbundle; includeInIndex = 0; path = SpaceTimeTests.octest; sourceTree = BUILT_PRODUCTS_DIR; };
		07B232AC1710EC8400026114 /* SenTestingKit.framework */ = {isa = PBXFileReference; lastKnownFileType = wrapper.framework; name = SenTestingKit.framework; path = Library/Frameworks/SenTestingKit.framework; sourceTree = DEVELOPER_DIR; };
		07B232B41710EC8400026114 /* SpaceTimeTests-Info.plist */ = {isa = PBXFileReference; lastKnownFileType = text.plist.xml; path = "SpaceTimeTests-Info.plist"; sourceTree = "<group>"; };
		07B232B61710EC8400026114 /* en */ = {isa = PBXFileReference; lastKnownFileType = text.plist.strings; name = en; path = en.lproj/InfoPlist.strings; sourceTree = "<group>"; };
		07B232B81710EC8400026114 /* SpaceTimeTests.h */ = {isa = PBXFileReference; lastKnownFileType = sourcecode.c.h; path = SpaceTimeTests.h; sourceTree = "<group>"; };
		07B232B91710EC8400026114 /* SpaceTimeTests.m */ = {isa = PBXFileReference; lastKnownFileType = sourcecode.c.objc; path = SpaceTimeTests.m; sourceTree = "<group>"; };
/* End PBXFileReference section */

/* Begin PBXFrameworksBuildPhase section */
		07B2327F1710EC8400026114 /* Frameworks */ = {
			isa = PBXFrameworksBuildPhase;
			buildActionMask = 2147483647;
			files = (
				070660BB17136882006F8F77 /* CoreData.framework in Frameworks */,
				07B232861710EC8400026114 /* UIKit.framework in Frameworks */,
				07B232881710EC8400026114 /* Foundation.framework in Frameworks */,
				07B2328A1710EC8400026114 /* CoreGraphics.framework in Frameworks */,
			);
			runOnlyForDeploymentPostprocessing = 0;
		};
		07B232A71710EC8400026114 /* Frameworks */ = {
			isa = PBXFrameworksBuildPhase;
			buildActionMask = 2147483647;
			files = (
				07B232AD1710EC8400026114 /* SenTestingKit.framework in Frameworks */,
				07B232AE1710EC8400026114 /* UIKit.framework in Frameworks */,
				07B232AF1710EC8400026114 /* Foundation.framework in Frameworks */,
			);
			runOnlyForDeploymentPostprocessing = 0;
		};
/* End PBXFrameworksBuildPhase section */

/* Begin PBXGroup section */
		07B232791710EC8400026114 = {
			isa = PBXGroup;
			children = (
				070660BA17136882006F8F77 /* CoreData.framework */,
				07B2328B1710EC8400026114 /* SpaceTime */,
				07B232B21710EC8400026114 /* SpaceTimeTests */,
				07B232841710EC8400026114 /* Frameworks */,
				07B232831710EC8400026114 /* Products */,
			);
			sourceTree = "<group>";
		};
		07B232831710EC8400026114 /* Products */ = {
			isa = PBXGroup;
			children = (
				07B232821710EC8400026114 /* SpaceTime.app */,
				07B232AB1710EC8400026114 /* SpaceTimeTests.octest */,
			);
			name = Products;
			sourceTree = "<group>";
		};
		07B232841710EC8400026114 /* Frameworks */ = {
			isa = PBXGroup;
			children = (
				07B232851710EC8400026114 /* UIKit.framework */,
				07B232871710EC8400026114 /* Foundation.framework */,
				07B232891710EC8400026114 /* CoreGraphics.framework */,
				07B232AC1710EC8400026114 /* SenTestingKit.framework */,
			);
			name = Frameworks;
			sourceTree = "<group>";
		};
		07B2328B1710EC8400026114 /* SpaceTime */ = {
			isa = PBXGroup;
			children = (
				070660CC17138E32006F8F77 /* RootViewController.m */,
				070660CB17138E32006F8F77 /* RootViewController.h */,
				07B232941710EC8400026114 /* SpaceTimeAppDelegate.h */,
				07B232951710EC8400026114 /* SpaceTimeAppDelegate.m */,
				07B2329D1710EC8400026114 /* MainStoryboard_iPhone.storyboard */,
				070660B7171367AE006F8F77 /* Model.xcdatamodeld */,
				070660BF17137BEF006F8F77 /* Activity.h */,
				070660C017137BEF006F8F77 /* Activity.m */,
				07B232A01710EC8400026114 /* MainStoryboard_iPad.storyboard */,
				07B232A31710EC8400026114 /* SpaceTimeViewController.h */,
				07B232A41710EC8400026114 /* SpaceTimeViewController.m */,
				07B2328C1710EC8400026114 /* Supporting Files */,
			);
			path = SpaceTime;
			sourceTree = "<group>";
		};
		07B2328C1710EC8400026114 /* Supporting Files */ = {
			isa = PBXGroup;
			children = (
				07B2328D1710EC8400026114 /* SpaceTime-Info.plist */,
				07B2328E1710EC8400026114 /* InfoPlist.strings */,
				07B232911710EC8400026114 /* main.m */,
				07B232931710EC8400026114 /* SpaceTime-Prefix.pch */,
				07B232971710EC8400026114 /* Default.png */,
				07B232991710EC8400026114 /* Default@2x.png */,
				07B2329B1710EC8400026114 /* Default-568h@2x.png */,
			);
			name = "Supporting Files";
			sourceTree = "<group>";
		};
		07B232B21710EC8400026114 /* SpaceTimeTests */ = {
			isa = PBXGroup;
			children = (
				07B232B81710EC8400026114 /* SpaceTimeTests.h */,
				07B232B91710EC8400026114 /* SpaceTimeTests.m */,
				07B232B31710EC8400026114 /* Supporting Files */,
			);
			path = SpaceTimeTests;
			sourceTree = "<group>";
		};
		07B232B31710EC8400026114 /* Supporting Files */ = {
			isa = PBXGroup;
			children = (
				07B232B41710EC8400026114 /* SpaceTimeTests-Info.plist */,
				07B232B51710EC8400026114 /* InfoPlist.strings */,
			);
			name = "Supporting Files";
			sourceTree = "<group>";
		};
/* End PBXGroup section */

/* Begin PBXNativeTarget section */
		07B232811710EC8400026114 /* SpaceTime */ = {
			isa = PBXNativeTarget;
			buildConfigurationList = 07B232BD1710EC8400026114 /* Build configuration list for PBXNativeTarget "SpaceTime" */;
			buildPhases = (
				07B2327E1710EC8400026114 /* Sources */,
				07B2327F1710EC8400026114 /* Frameworks */,
				07B232801710EC8400026114 /* Resources */,
			);
			buildRules = (
			);
			dependencies = (
			);
			name = SpaceTime;
			productName = SpaceTime;
			productReference = 07B232821710EC8400026114 /* SpaceTime.app */;
			productType = "com.apple.product-type.application";
		};
		07B232AA1710EC8400026114 /* SpaceTimeTests */ = {
			isa = PBXNativeTarget;
			buildConfigurationList = 07B232C01710EC8400026114 /* Build configuration list for PBXNativeTarget "SpaceTimeTests" */;
			buildPhases = (
				07B232A61710EC8400026114 /* Sources */,
				07B232A71710EC8400026114 /* Frameworks */,
				07B232A81710EC8400026114 /* Resources */,
				07B232A91710EC8400026114 /* ShellScript */,
			);
			buildRules = (
			);
			dependencies = (
				07B232B11710EC8400026114 /* PBXTargetDependency */,
			);
			name = SpaceTimeTests;
			productName = SpaceTimeTests;
			productReference = 07B232AB1710EC8400026114 /* SpaceTimeTests.octest */;
			productType = "com.apple.product-type.bundle";
		};
/* End PBXNativeTarget section */

/* Begin PBXProject section */
		07B2327A1710EC8400026114 /* Project object */ = {
			isa = PBXProject;
			attributes = {
				CLASSPREFIX = SpaceTime;
				LastUpgradeCheck = 0460;
				ORGANIZATIONNAME = A/M;
			};
			buildConfigurationList = 07B2327D1710EC8400026114 /* Build configuration list for PBXProject "SpaceTime" */;
			compatibilityVersion = "Xcode 3.2";
			developmentRegion = English;
			hasScannedForEncodings = 0;
			knownRegions = (
				en,
			);
			mainGroup = 07B232791710EC8400026114;
			productRefGroup = 07B232831710EC8400026114 /* Products */;
			projectDirPath = "";
			projectRoot = "";
			targets = (
				07B232811710EC8400026114 /* SpaceTime */,
				07B232AA1710EC8400026114 /* SpaceTimeTests */,
			);
		};
/* End PBXProject section */

/* Begin PBXResourcesBuildPhase section */
		07B232801710EC8400026114 /* Resources */ = {
			isa = PBXResourcesBuildPhase;
			buildActionMask = 2147483647;
			files = (
				07B232901710EC8400026114 /* InfoPlist.strings in Resources */,
				07B232981710EC8400026114 /* Default.png in Resources */,
				07B2329A1710EC8400026114 /* Default@2x.png in Resources */,
				07B2329C1710EC8400026114 /* Default-568h@2x.png in Resources */,
				07B2329F1710EC8400026114 /* MainStoryboard_iPhone.storyboard in Resources */,
				07B232A21710EC8400026114 /* MainStoryboard_iPad.storyboard in Resources */,
			);
			runOnlyForDeploymentPostprocessing = 0;
		};
		07B232A81710EC8400026114 /* Resources */ = {
			isa = PBXResourcesBuildPhase;
			buildActionMask = 2147483647;
			files = (
				07B232B71710EC8400026114 /* InfoPlist.strings in Resources */,
			);
			runOnlyForDeploymentPostprocessing = 0;
		};
/* End PBXResourcesBuildPhase section */

/* Begin PBXShellScriptBuildPhase section */
		07B232A91710EC8400026114 /* ShellScript */ = {
			isa = PBXShellScriptBuildPhase;
			buildActionMask = 2147483647;
			files = (
			);
			inputPaths = (
			);
			outputPaths = (
			);
			runOnlyForDeploymentPostprocessing = 0;
			shellPath = /bin/sh;
			shellScript = "# Run the unit tests in this test bundle.\n\"${SYSTEM_DEVELOPER_DIR}/Tools/RunUnitTests\"\n";
		};
/* End PBXShellScriptBuildPhase section */

/* Begin PBXSourcesBuildPhase section */
		07B2327E1710EC8400026114 /* Sources */ = {
			isa = PBXSourcesBuildPhase;
			buildActionMask = 2147483647;
			files = (
				07B232921710EC8400026114 /* main.m in Sources */,
				07B232961710EC8400026114 /* SpaceTimeAppDelegate.m in Sources */,
				07B232A51710EC8400026114 /* SpaceTimeViewController.m in Sources */,
				070660B9171367AE006F8F77 /* Model.xcdatamodeld in Sources */,
				070660C117137BEF006F8F77 /* Activity.m in Sources */,
				070660CD17138E32006F8F77 /* RootViewController.m in Sources */,
			);
			runOnlyForDeploymentPostprocessing = 0;
		};
		07B232A61710EC8400026114 /* Sources */ = {
			isa = PBXSourcesBuildPhase;
			buildActionMask = 2147483647;
			files = (
				07B232BA1710EC8400026114 /* SpaceTimeTests.m in Sources */,
			);
			runOnlyForDeploymentPostprocessing = 0;
		};
/* End PBXSourcesBuildPhase section */

/* Begin PBXTargetDependency section */
		07B232B11710EC8400026114 /* PBXTargetDependency */ = {
			isa = PBXTargetDependency;
			target = 07B232811710EC8400026114 /* SpaceTime */;
			targetProxy = 07B232B01710EC8400026114 /* PBXContainerItemProxy */;
		};
/* End PBXTargetDependency section */

/* Begin PBXVariantGroup section */
		07B2328E1710EC8400026114 /* InfoPlist.strings */ = {
			isa = PBXVariantGroup;
			children = (
				07B2328F1710EC8400026114 /* en */,
			);
			name = InfoPlist.strings;
			sourceTree = "<group>";
		};
		07B2329D1710EC8400026114 /* MainStoryboard_iPhone.storyboard */ = {
			isa = PBXVariantGroup;
			children = (
				07B2329E1710EC8400026114 /* en */,
			);
			name = MainStoryboard_iPhone.storyboard;
			sourceTree = "<group>";
		};
		07B232A01710EC8400026114 /* MainStoryboard_iPad.storyboard */ = {
			isa = PBXVariantGroup;
			children = (
				07B232A11710EC8400026114 /* en */,
			);
			name = MainStoryboard_iPad.storyboard;
			sourceTree = "<group>";
		};
		07B232B51710EC8400026114 /* InfoPlist.strings */ = {
			isa = PBXVariantGroup;
			children = (
				07B232B61710EC8400026114 /* en */,
			);
			name = InfoPlist.strings;
			sourceTree = "<group>";
		};
/* End PBXVariantGroup section */

/* Begin XCBuildConfiguration section */
		07B232BB1710EC8400026114 /* Debug */ = {
			isa = XCBuildConfiguration;
			buildSettings = {
				ALWAYS_SEARCH_USER_PATHS = NO;
				CLANG_CXX_LANGUAGE_STANDARD = "gnu++0x";
				CLANG_CXX_LIBRARY = "libc++";
				CLANG_ENABLE_OBJC_ARC = YES;
				CLANG_WARN_CONSTANT_CONVERSION = YES;
				CLANG_WARN_EMPTY_BODY = YES;
				CLANG_WARN_ENUM_CONVERSION = YES;
				CLANG_WARN_INT_CONVERSION = YES;
				CLANG_WARN__DUPLICATE_METHOD_MATCH = YES;
				"CODE_SIGN_IDENTITY[sdk=iphoneos*]" = "iPhone Developer";
				COPY_PHASE_STRIP = NO;
				GCC_C_LANGUAGE_STANDARD = gnu99;
				GCC_DYNAMIC_NO_PIC = NO;
				GCC_OPTIMIZATION_LEVEL = 0;
				GCC_PREPROCESSOR_DEFINITIONS = (
					"DEBUG=1",
					"$(inherited)",
				);
				GCC_SYMBOLS_PRIVATE_EXTERN = NO;
				GCC_WARN_ABOUT_RETURN_TYPE = YES;
				GCC_WARN_UNINITIALIZED_AUTOS = YES;
				GCC_WARN_UNUSED_VARIABLE = YES;
				IPHONEOS_DEPLOYMENT_TARGET = 6.1;
				ONLY_ACTIVE_ARCH = YES;
				SDKROOT = iphoneos;
				TARGETED_DEVICE_FAMILY = "1,2";
			};
			name = Debug;
		};
		07B232BC1710EC8400026114 /* Release */ = {
			isa = XCBuildConfiguration;
			buildSettings = {
				ALWAYS_SEARCH_USER_PATHS = NO;
				CLANG_CXX_LANGUAGE_STANDARD = "gnu++0x";
				CLANG_CXX_LIBRARY = "libc++";
				CLANG_ENABLE_OBJC_ARC = YES;
				CLANG_WARN_CONSTANT_CONVERSION = YES;
				CLANG_WARN_EMPTY_BODY = YES;
				CLANG_WARN_ENUM_CONVERSION = YES;
				CLANG_WARN_INT_CONVERSION = YES;
				CLANG_WARN__DUPLICATE_METHOD_MATCH = YES;
				"CODE_SIGN_IDENTITY[sdk=iphoneos*]" = "iPhone Developer";
				COPY_PHASE_STRIP = YES;
				GCC_C_LANGUAGE_STANDARD = gnu99;
				GCC_WARN_ABOUT_RETURN_TYPE = YES;
				GCC_WARN_UNINITIALIZED_AUTOS = YES;
				GCC_WARN_UNUSED_VARIABLE = YES;
				IPHONEOS_DEPLOYMENT_TARGET = 6.1;
				OTHER_CFLAGS = "-DNS_BLOCK_ASSERTIONS=1";
				SDKROOT = iphoneos;
				TARGETED_DEVICE_FAMILY = "1,2";
				VALIDATE_PRODUCT = YES;
			};
			name = Release;
		};
		07B232BE1710EC8400026114 /* Debug */ = {
			isa = XCBuildConfiguration;
			buildSettings = {
				GCC_PRECOMPILE_PREFIX_HEADER = YES;
				GCC_PREFIX_HEADER = "SpaceTime/SpaceTime-Prefix.pch";
				INFOPLIST_FILE = "SpaceTime/SpaceTime-Info.plist";
				PRODUCT_NAME = "$(TARGET_NAME)";
				WRAPPER_EXTENSION = app;
			};
			name = Debug;
		};
		07B232BF1710EC8400026114 /* Release */ = {
			isa = XCBuildConfiguration;
			buildSettings = {
				GCC_PRECOMPILE_PREFIX_HEADER = YES;
				GCC_PREFIX_HEADER = "SpaceTime/SpaceTime-Prefix.pch";
				INFOPLIST_FILE = "SpaceTime/SpaceTime-Info.plist";
				PRODUCT_NAME = "$(TARGET_NAME)";
				WRAPPER_EXTENSION = app;
			};
			name = Release;
		};
		07B232C11710EC8400026114 /* Debug */ = {
			isa = XCBuildConfiguration;
			buildSettings = {
				BUNDLE_LOADER = "$(BUILT_PRODUCTS_DIR)/SpaceTime.app/SpaceTime";
				FRAMEWORK_SEARCH_PATHS = (
					"\"$(SDKROOT)/Developer/Library/Frameworks\"",
					"\"$(DEVELOPER_LIBRARY_DIR)/Frameworks\"",
				);
				GCC_PRECOMPILE_PREFIX_HEADER = YES;
				GCC_PREFIX_HEADER = "SpaceTime/SpaceTime-Prefix.pch";
				INFOPLIST_FILE = "SpaceTimeTests/SpaceTimeTests-Info.plist";
				PRODUCT_NAME = "$(TARGET_NAME)";
				TEST_HOST = "$(BUNDLE_LOADER)";
				WRAPPER_EXTENSION = octest;
			};
			name = Debug;
		};
		07B232C21710EC8400026114 /* Release */ = {
			isa = XCBuildConfiguration;
			buildSettings = {
				BUNDLE_LOADER = "$(BUILT_PRODUCTS_DIR)/SpaceTime.app/SpaceTime";
				FRAMEWORK_SEARCH_PATHS = (
					"\"$(SDKROOT)/Developer/Library/Frameworks\"",
					"\"$(DEVELOPER_LIBRARY_DIR)/Frameworks\"",
				);
				GCC_PRECOMPILE_PREFIX_HEADER = YES;
				GCC_PREFIX_HEADER = "SpaceTime/SpaceTime-Prefix.pch";
				INFOPLIST_FILE = "SpaceTimeTests/SpaceTimeTests-Info.plist";
				PRODUCT_NAME = "$(TARGET_NAME)";
				TEST_HOST = "$(BUNDLE_LOADER)";
				WRAPPER_EXTENSION = octest;
			};
			name = Release;
		};
/* End XCBuildConfiguration section */

/* Begin XCConfigurationList section */
		07B2327D1710EC8400026114 /* Build configuration list for PBXProject "SpaceTime" */ = {
			isa = XCConfigurationList;
			buildConfigurations = (
				07B232BB1710EC8400026114 /* Debug */,
				07B232BC1710EC8400026114 /* Release */,
			);
			defaultConfigurationIsVisible = 0;
			defaultConfigurationName = Release;
		};
		07B232BD1710EC8400026114 /* Build configuration list for PBXNativeTarget "SpaceTime" */ = {
			isa = XCConfigurationList;
			buildConfigurations = (
				07B232BE1710EC8400026114 /* Debug */,
				07B232BF1710EC8400026114 /* Release */,
			);
			defaultConfigurationIsVisible = 0;
			defaultConfigurationName = Release;
		};
		07B232C01710EC8400026114 /* Build configuration list for PBXNativeTarget "SpaceTimeTests" */ = {
			isa = XCConfigurationList;
			buildConfigurations = (
				07B232C11710EC8400026114 /* Debug */,
				07B232C21710EC8400026114 /* Release */,
			);
			defaultConfigurationIsVisible = 0;
			defaultConfigurationName = Release;
		};
/* End XCConfigurationList section */

/* Begin XCVersionGroup section */
		070660B7171367AE006F8F77 /* Model.xcdatamodeld */ = {
			isa = XCVersionGroup;
			children = (
				070660B8171367AE006F8F77 /* Model.xcdatamodel */,
			);
			currentVersion = 070660B8171367AE006F8F77 /* Model.xcdatamodel */;
			path = Model.xcdatamodeld;
			sourceTree = "<group>";
			versionGroupType = wrapper.xcdatamodel;
		};
/* End XCVersionGroup section */
	};
	rootObject = 07B2327A1710EC8400026114 /* Project object */;
}
